
Microsoft Visual Studio Solution File, Format Version 12.00
# Visual Studio 15
VisualStudioVersion = 15.0.28010.2026
MinimumVisualStudioVersion = 10.0.40219.1
Project("{FAE04EC0-301F-11D3-BF4B-00C04F79EFBC}") = "Lands.Android", "Lands\Lands.Android\Lands.Android.csproj", "{F008CCBA-297E-4C45-ACC4-1BED5D19EF9B}"
EndProject
Project("{FAE04EC0-301F-11D3-BF4B-00C04F79EFBC}") = "Lands.iOS", "Lands\Lands.iOS\Lands.iOS.csproj", "{A75BEAD3-1C8B-49BE-8A73-040F481D6248}"
EndProject
Project("{9A19103F-16F7-4668-BE54-9A1E7A4F7556}") = "Lands", "Lands\Lands\Lands.csproj", "{B96734DB-17B6-4BDC-A69C-79CB36732A78}"
EndProject
Project("{FAE04EC0-301F-11D3-BF4B-00C04F79EFBC}") = "Lands.Domain", "Lands.Domain\Lands.Domain.csproj", "{5150776C-06C2-4494-BAD8-17CEB7446796}"
EndProject
Project("{FAE04EC0-301F-11D3-BF4B-00C04F79EFBC}") = "Lands.Backend", "Lands.Backend\Lands.Backend.csproj", "{D6238A48-804F-40FC-80C2-0498C805EB2F}"
EndProject
Project("{FAE04EC0-301F-11D3-BF4B-00C04F79EFBC}") = "Lands.Api", "Lands.Api\Lands.Api.csproj", "{42F8A362-3DAA-4023-822D-975030039FB8}"
EndProject
Global
	GlobalSection(SolutionConfigurationPlatforms) = preSolution
		Ad-Hoc|Any CPU = Ad-Hoc|Any CPU
		Ad-Hoc|iPhone = Ad-Hoc|iPhone
		Ad-Hoc|iPhoneSimulator = Ad-Hoc|iPhoneSimulator
		AppStore|Any CPU = AppStore|Any CPU
		AppStore|iPhone = AppStore|iPhone
		AppStore|iPhoneSimulator = AppStore|iPhoneSimulator
		Debug|Any CPU = Debug|Any CPU
		Debug|iPhone = Debug|iPhone
		Debug|iPhoneSimulator = Debug|iPhoneSimulator
		Release|Any CPU = Release|Any CPU
		Release|iPhone = Release|iPhone
		Release|iPhoneSimulator = Release|iPhoneSimulator
	EndGlobalSection
	GlobalSection(ProjectConfigurationPlatforms) = postSolution
		{F008CCBA-297E-4C45-ACC4-1BED5D19EF9B}.Ad-Hoc|Any CPU.ActiveCfg = Release|Any CPU
		{F008CCBA-297E-4C45-ACC4-1BED5D19EF9B}.Ad-Hoc|Any CPU.Build.0 = Release|Any CPU
		{F008CCBA-297E-4C45-ACC4-1BED5D19EF9B}.Ad-Hoc|Any CPU.Deploy.0 = Release|Any CPU
		{F008CCBA-297E-4C45-ACC4-1BED5D19EF9B}.Ad-Hoc|iPhone.ActiveCfg = Release|Any CPU
		{F008CCBA-297E-4C45-ACC4-1BED5D19EF9B}.Ad-Hoc|iPhone.Build.0 = Release|Any CPU
		{F008CCBA-297E-4C45-ACC4-1BED5D19EF9B}.Ad-Hoc|iPhone.Deploy.0 = Release|Any CPU
		{F008CCBA-297E-4C45-ACC4-1BED5D19EF9B}.Ad-Hoc|iPhoneSimulator.ActiveCfg = Release|Any CPU
		{F008CCBA-297E-4C45-ACC4-1BED5D19EF9B}.Ad-Hoc|iPhoneSimulator.Build.0 = Release|Any CPU
		{F008CCBA-297E-4C45-ACC4-1BED5D19EF9B}.Ad-Hoc|iPhoneSimulator.Deploy.0 = Release|Any CPU
		{F008CCBA-297E-4C45-ACC4-1BED5D19EF9B}.AppStore|Any CPU.ActiveCfg = Release|Any CPU
		{F008CCBA-297E-4C45-ACC4-1BED5D19EF9B}.AppStore|Any CPU.Build.0 = Release|Any CPU
		{F008CCBA-297E-4C45-ACC4-1BED5D19EF9B}.AppStore|Any CPU.Deploy.0 = Release|Any CPU
		{F008CCBA-297E-4C45-ACC4-1BED5D19EF9B}.AppStore|iPhone.ActiveCfg = Release|Any CPU
		{F008CCBA-297E-4C45-ACC4-1BED5D19EF9B}.AppStore|iPhone.Build.0 = Release|Any CPU
		{F008CCBA-297E-4C45-ACC4-1BED5D19EF9B}.AppStore|iPhone.Deploy.0 = Release|Any CPU
		{F008CCBA-297E-4C45-ACC4-1BED5D19EF9B}.AppStore|iPhoneSimulator.ActiveCfg = Release|Any CPU
		{F008CCBA-297E-4C45-ACC4-1BED5D19EF9B}.AppStore|iPhoneSimulator.Build.0 = Release|Any CPU
		{F008CCBA-297E-4C45-ACC4-1BED5D19EF9B}.AppStore|iPhoneSimulator.Deploy.0 = Release|Any CPU
		{F008CCBA-297E-4C45-ACC4-1BED5D19EF9B}.Debug|Any CPU.ActiveCfg = Debug|Any CPU
		{F008CCBA-297E-4C45-ACC4-1BED5D19EF9B}.Debug|Any CPU.Build.0 = Debug|Any CPU
		{F008CCBA-297E-4C45-ACC4-1BED5D19EF9B}.Debug|Any CPU.Deploy.0 = Debug|Any CPU
		{F008CCBA-297E-4C45-ACC4-1BED5D19EF9B}.Debug|iPhone.ActiveCfg = Debug|Any CPU
		{F008CCBA-297E-4C45-ACC4-1BED5D19EF9B}.Debug|iPhone.Build.0 = Debug|Any CPU
		{F008CCBA-297E-4C45-ACC4-1BED5D19EF9B}.Debug|iPhone.Deploy.0 = Debug|Any CPU
		{F008CCBA-297E-4C45-ACC4-1BED5D19EF9B}.Debug|iPhoneSimulator.ActiveCfg = Debug|Any CPU
		{F008CCBA-297E-4C45-ACC4-1BED5D19EF9B}.Debug|iPhoneSimulator.Build.0 = Debug|Any CPU
		{F008CCBA-297E-4C45-ACC4-1BED5D19EF9B}.Debug|iPhoneSimulator.Deploy.0 = Debug|Any CPU
		{F008CCBA-297E-4C45-ACC4-1BED5D19EF9B}.Release|Any CPU.ActiveCfg = Release|Any CPU
		{F008CCBA-297E-4C45-ACC4-1BED5D19EF9B}.Release|Any CPU.Build.0 = Release|Any CPU
		{F008CCBA-297E-4C45-ACC4-1BED5D19EF9B}.Release|Any CPU.Deploy.0 = Release|Any CPU
		{F008CCBA-297E-4C45-ACC4-1BED5D19EF9B}.Release|iPhone.ActiveCfg = Release|Any CPU
		{F008CCBA-297E-4C45-ACC4-1BED5D19EF9B}.Release|iPhone.Build.0 = Release|Any CPU
		{F008CCBA-297E-4C45-ACC4-1BED5D19EF9B}.Release|iPhone.Deploy.0 = Release|Any CPU
		{F008CCBA-297E-4C45-ACC4-1BED5D19EF9B}.Release|iPhoneSimulator.ActiveCfg = Release|Any CPU
		{F008CCBA-297E-4C45-ACC4-1BED5D19EF9B}.Release|iPhoneSimulator.Build.0 = Release|Any CPU
		{F008CCBA-297E-4C45-ACC4-1BED5D19EF9B}.Release|iPhoneSimulator.Deploy.0 = Release|Any CPU
		{A75BEAD3-1C8B-49BE-8A73-040F481D6248}.Ad-Hoc|Any CPU.ActiveCfg = Ad-Hoc|iPhone
		{A75BEAD3-1C8B-49BE-8A73-040F481D6248}.Ad-Hoc|Any CPU.Build.0 = Ad-Hoc|iPhone
		{A75BEAD3-1C8B-49BE-8A73-040F481D6248}.Ad-Hoc|Any CPU.Deploy.0 = Ad-Hoc|iPhone
		{A75BEAD3-1C8B-49BE-8A73-040F481D6248}.Ad-Hoc|iPhone.ActiveCfg = Ad-Hoc|iPhone
		{A75BEAD3-1C8B-49BE-8A73-040F481D6248}.Ad-Hoc|iPhone.Build.0 = Ad-Hoc|iPhone
		{A75BEAD3-1C8B-49BE-8A73-040F481D6248}.Ad-Hoc|iPhone.Deploy.0 = Ad-Hoc|iPhone
		{A75BEAD3-1C8B-49BE-8A73-040F481D6248}.Ad-Hoc|iPhoneSimulator.ActiveCfg = Ad-Hoc|iPhoneSimulator
		{A75BEAD3-1C8B-49BE-8A73-040F481D6248}.Ad-Hoc|iPhoneSimulator.Build.0 = Ad-Hoc|iPhoneSimulator
		{A75BEAD3-1C8B-49BE-8A73-040F481D6248}.Ad-Hoc|iPhoneSimulator.Deploy.0 = Ad-Hoc|iPhoneSimulator
		{A75BEAD3-1C8B-49BE-8A73-040F481D6248}.AppStore|Any CPU.ActiveCfg = AppStore|iPhone
		{A75BEAD3-1C8B-49BE-8A73-040F481D6248}.AppStore|Any CPU.Build.0 = AppStore|iPhone
		{A75BEAD3-1C8B-49BE-8A73-040F481D6248}.AppStore|Any CPU.Deploy.0 = AppStore|iPhone
		{A75BEAD3-1C8B-49BE-8A73-040F481D6248}.AppStore|iPhone.ActiveCfg = AppStore|iPhone
		{A75BEAD3-1C8B-49BE-8A73-040F481D6248}.AppStore|iPhone.Build.0 = AppStore|iPhone
		{A75BEAD3-1C8B-49BE-8A73-040F481D6248}.AppStore|iPhone.Deploy.0 = AppStore|iPhone
		{A75BEAD3-1C8B-49BE-8A73-040F481D6248}.AppStore|iPhoneSimulator.ActiveCfg = AppStore|iPhoneSimulator
		{A75BEAD3-1C8B-49BE-8A73-040F481D6248}.AppStore|iPhoneSimulator.Build.0 = AppStore|iPhoneSimulator
		{A75BEAD3-1C8B-49BE-8A73-040F481D6248}.AppStore|iPhoneSimulator.Deploy.0 = AppStore|iPhoneSimulator
		{A75BEAD3-1C8B-49BE-8A73-040F481D6248}.Debug|Any CPU.ActiveCfg = Debug|iPhoneSimulator
		{A75BEAD3-1C8B-49BE-8A73-040F481D6248}.Debug|Any CPU.Build.0 = Debug|iPhoneSimulator
		{A75BEAD3-1C8B-49BE-8A73-040F481D6248}.Debug|Any CPU.Deploy.0 = Debug|iPhoneSimulator
		{A75BEAD3-1C8B-49BE-8A73-040F481D6248}.Debug|iPhone.ActiveCfg = Debug|iPhone
		{A75BEAD3-1C8B-49BE-8A73-040F481D6248}.Debug|iPhone.Build.0 = Debug|iPhone
		{A75BEAD3-1C8B-49BE-8A73-040F481D6248}.Debug|iPhone.Deploy.0 = Debug|iPhone
		{A75BEAD3-1C8B-49BE-8A73-040F481D6248}.Debug|iPhoneSimulator.ActiveCfg = Debug|iPhoneSimulator
		{A75BEAD3-1C8B-49BE-8A73-040F481D6248}.Debug|iPhoneSimulator.Build.0 = Debug|iPhoneSimulator
		{A75BEAD3-1C8B-49BE-8A73-040F481D6248}.Debug|iPhoneSimulator.Deploy.0 = Debug|iPhoneSimulator
		{A75BEAD3-1C8B-49BE-8A73-040F481D6248}.Release|Any CPU.ActiveCfg = Release|iPhone
		{A75BEAD3-1C8B-49BE-8A73-040F481D6248}.Release|Any CPU.Build.0 = Release|iPhone
		{A75BEAD3-1C8B-49BE-8A73-040F481D6248}.Release|Any CPU.Deploy.0 = Release|iPhone
		{A75BEAD3-1C8B-49BE-8A73-040F481D6248}.Release|iPhone.ActiveCfg = Release|iPhone
		{A75BEAD3-1C8B-49BE-8A73-040F481D6248}.Release|iPhone.Build.0 = Release|iPhone
		{A75BEAD3-1C8B-49BE-8A73-040F481D6248}.Release|iPhone.Deploy.0 = Release|iPhone
		{A75BEAD3-1C8B-49BE-8A73-040F481D6248}.Release|iPhoneSimulator.ActiveCfg = Release|iPhoneSimulator
		{A75BEAD3-1C8B-49BE-8A73-040F481D6248}.Release|iPhoneSimulator.Build.0 = Release|iPhoneSimulator
		{A75BEAD3-1C8B-49BE-8A73-040F481D6248}.Release|iPhoneSimulator.Deploy.0 = Release|iPhoneSimulator
		{B96734DB-17B6-4BDC-A69C-79CB36732A78}.Ad-Hoc|Any CPU.ActiveCfg = Debug|Any CPU
		{B96734DB-17B6-4BDC-A69C-79CB36732A78}.Ad-Hoc|Any CPU.Build.0 = Debug|Any CPU
		{B96734DB-17B6-4BDC-A69C-79CB36732A78}.Ad-Hoc|Any CPU.Deploy.0 = Debug|Any CPU
		{B96734DB-17B6-4BDC-A69C-79CB36732A78}.Ad-Hoc|iPhone.ActiveCfg = Debug|Any CPU
		{B96734DB-17B6-4BDC-A69C-79CB36732A78}.Ad-Hoc|iPhone.Build.0 = Debug|Any CPU
		{B96734DB-17B6-4BDC-A69C-79CB36732A78}.Ad-Hoc|iPhone.Deploy.0 = Debug|Any CPU
		{B96734DB-17B6-4BDC-A69C-79CB36732A78}.Ad-Hoc|iPhoneSimulator.ActiveCfg = Debug|Any CPU
		{B96734DB-17B6-4BDC-A69C-79CB36732A78}.Ad-Hoc|iPhoneSimulator.Build.0 = Debug|Any CPU
		{B96734DB-17B6-4BDC-A69C-79CB36732A78}.Ad-Hoc|iPhoneSimulator.Deploy.0 = Debug|Any CPU
		{B96734DB-17B6-4BDC-A69C-79CB36732A78}.AppStore|Any CPU.ActiveCfg = Debug|Any CPU
		{B96734DB-17B6-4BDC-A69C-79CB36732A78}.AppStore|Any CPU.Build.0 = Debug|Any CPU
		{B96734DB-17B6-4BDC-A69C-79CB36732A78}.AppStore|Any CPU.Deploy.0 = Debug|Any CPU
		{B96734DB-17B6-4BDC-A69C-79CB36732A78}.AppStore|iPhone.ActiveCfg = Debug|Any CPU
		{B96734DB-17B6-4BDC-A69C-79CB36732A78}.AppStore|iPhone.Build.0 = Debug|Any CPU
		{B96734DB-17B6-4BDC-A69C-79CB36732A78}.AppStore|iPhone.Deploy.0 = Debug|Any CPU
		{B96734DB-17B6-4BDC-A69C-79CB36732A78}.AppStore|iPhoneSimulator.ActiveCfg = Debug|Any CPU
		{B96734DB-17B6-4BDC-A69C-79CB36732A78}.AppStore|iPhoneSimulator.Build.0 = Debug|Any CPU
		{B96734DB-17B6-4BDC-A69C-79CB36732A78}.AppStore|iPhoneSimulator.Deploy.0 = Debug|Any CPU
		{B96734DB-17B6-4BDC-A69C-79CB36732A78}.Debug|Any CPU.ActiveCfg = Debug|Any CPU
		{B96734DB-17B6-4BDC-A69C-79CB36732A78}.Debug|Any CPU.Build.0 = Debug|Any CPU
		{B96734DB-17B6-4BDC-A69C-79CB36732A78}.Debug|Any CPU.Deploy.0 = Debug|Any CPU
		{B96734DB-17B6-4BDC-A69C-79CB36732A78}.Debug|iPhone.ActiveCfg = Debug|Any CPU
		{B96734DB-17B6-4BDC-A69C-79CB36732A78}.Debug|iPhone.Build.0 = Debug|Any CPU
		{B96734DB-17B6-4BDC-A69C-79CB36732A78}.Debug|iPhone.Deploy.0 = Debug|Any CPU
		{B96734DB-17B6-4BDC-A69C-79CB36732A78}.Debug|iPhoneSimulator.ActiveCfg = Debug|Any CPU
		{B96734DB-17B6-4BDC-A69C-79CB36732A78}.Debug|iPhoneSimulator.Build.0 = Debug|Any CPU
		{B96734DB-17B6-4BDC-A69C-79CB36732A78}.Debug|iPhoneSimulator.Deploy.0 = Debug|Any CPU
		{B96734DB-17B6-4BDC-A69C-79CB36732A78}.Release|Any CPU.ActiveCfg = Release|Any CPU
		{B96734DB-17B6-4BDC-A69C-79CB36732A78}.Release|Any CPU.Build.0 = Release|Any CPU
		{B96734DB-17B6-4BDC-A69C-79CB36732A78}.Release|Any CPU.Deploy.0 = Release|Any CPU
		{B96734DB-17B6-4BDC-A69C-79CB36732A78}.Release|iPhone.ActiveCfg = Release|Any CPU
		{B96734DB-17B6-4BDC-A69C-79CB36732A78}.Release|iPhone.Build.0 = Release|Any CPU
		{B96734DB-17B6-4BDC-A69C-79CB36732A78}.Release|iPhone.Deploy.0 = Release|Any CPU
		{B96734DB-17B6-4BDC-A69C-79CB36732A78}.Release|iPhoneSimulator.ActiveCfg = Release|Any CPU
		{B96734DB-17B6-4BDC-A69C-79CB36732A78}.Release|iPhoneSimulator.Build.0 = Release|Any CPU
		{B96734DB-17B6-4BDC-A69C-79CB36732A78}.Release|iPhoneSimulator.Deploy.0 = Release|Any CPU
		{5150776C-06C2-4494-BAD8-17CEB7446796}.Ad-Hoc|Any CPU.ActiveCfg = Release|Any CPU
		{5150776C-06C2-4494-BAD8-17CEB7446796}.Ad-Hoc|Any CPU.Build.0 = Release|Any CPU
		{5150776C-06C2-4494-BAD8-17CEB7446796}.Ad-Hoc|iPhone.ActiveCfg = Release|Any CPU
		{5150776C-06C2-4494-BAD8-17CEB7446796}.Ad-Hoc|iPhone.Build.0 = Release|Any CPU
		{5150776C-06C2-4494-BAD8-17CEB7446796}.Ad-Hoc|iPhoneSimulator.ActiveCfg = Release|Any CPU
		{5150776C-06C2-4494-BAD8-17CEB7446796}.Ad-Hoc|iPhoneSimulator.Build.0 = Release|Any CPU
		{5150776C-06C2-4494-BAD8-17CEB7446796}.AppStore|Any CPU.ActiveCfg = Release|Any CPU
		{5150776C-06C2-4494-BAD8-17CEB7446796}.AppStore|Any CPU.Build.0 = Release|Any CPU
		{5150776C-06C2-4494-BAD8-17CEB7446796}.AppStore|iPhone.ActiveCfg = Release|Any CPU
		{5150776C-06C2-4494-BAD8-17CEB7446796}.AppStore|iPhone.Build.0 = Release|Any CPU
		{5150776C-06C2-4494-BAD8-17CEB7446796}.AppStore|iPhoneSimulator.ActiveCfg = Release|Any CPU
		{5150776C-06C2-4494-BAD8-17CEB7446796}.AppStore|iPhoneSimulator.Build.0 = Release|Any CPU
		{5150776C-06C2-4494-BAD8-17CEB7446796}.Debug|Any CPU.ActiveCfg = Debug|Any CPU
		{5150776C-06C2-4494-BAD8-17CEB7446796}.Debug|Any CPU.Build.0 = Debug|Any CPU
		{5150776C-06C2-4494-BAD8-17CEB7446796}.Debug|iPhone.ActiveCfg = Debug|Any CPU
		{5150776C-06C2-4494-BAD8-17CEB7446796}.Debug|iPhone.Build.0 = Debug|Any CPU
		{5150776C-06C2-4494-BAD8-17CEB7446796}.Debug|iPhoneSimulator.ActiveCfg = Debug|Any CPU
		{5150776C-06C2-4494-BAD8-17CEB7446796}.Debug|iPhoneSimulator.Build.0 = Debug|Any CPU
		{5150776C-06C2-4494-BAD8-17CEB7446796}.Release|Any CPU.ActiveCfg = Release|Any CPU
		{5150776C-06C2-4494-BAD8-17CEB7446796}.Release|Any CPU.Build.0 = Release|Any CPU
		{5150776C-06C2-4494-BAD8-17CEB7446796}.Release|iPhone.ActiveCfg = Release|Any CPU
		{5150776C-06C2-4494-BAD8-17CEB7446796}.Release|iPhone.Build.0 = Release|Any CPU
		{5150776C-06C2-4494-BAD8-17CEB7446796}.Release|iPhoneSimulator.ActiveCfg = Release|Any CPU
		{5150776C-06C2-4494-BAD8-17CEB7446796}.Release|iPhoneSimulator.Build.0 = Release|Any CPU
		{D6238A48-804F-40FC-80C2-0498C805EB2F}.Ad-Hoc|Any CPU.ActiveCfg = Release|Any CPU
		{D6238A48-804F-40FC-80C2-0498C805EB2F}.Ad-Hoc|Any CPU.Build.0 = Release|Any CPU
		{D6238A48-804F-40FC-80C2-0498C805EB2F}.Ad-Hoc|iPhone.ActiveCfg = Release|Any CPU
		{D6238A48-804F-40FC-80C2-0498C805EB2F}.Ad-Hoc|iPhone.Build.0 = Release|Any CPU
		{D6238A48-804F-40FC-80C2-0498C805EB2F}.Ad-Hoc|iPhoneSimulator.ActiveCfg = Release|Any CPU
		{D6238A48-804F-40FC-80C2-0498C805EB2F}.Ad-Hoc|iPhoneSimulator.Build.0 = Release|Any CPU
		{D6238A48-804F-40FC-80C2-0498C805EB2F}.AppStore|Any CPU.ActiveCfg = Release|Any CPU
		{D6238A48-804F-40FC-80C2-0498C805EB2F}.AppStore|Any CPU.Build.0 = Release|Any CPU
		{D6238A48-804F-40FC-80C2-0498C805EB2F}.AppStore|iPhone.ActiveCfg = Release|Any CPU
		{D6238A48-804F-40FC-80C2-0498C805EB2F}.AppStore|iPhone.Build.0 = Release|Any CPU
		{D6238A48-804F-40FC-80C2-0498C805EB2F}.AppStore|iPhoneSimulator.ActiveCfg = Release|Any CPU
		{D6238A48-804F-40FC-80C2-0498C805EB2F}.AppStore|iPhoneSimulator.Build.0 = Release|Any CPU
		{D6238A48-804F-40FC-80C2-0498C805EB2F}.Debug|Any CPU.ActiveCfg = Debug|Any CPU
		{D6238A48-804F-40FC-80C2-0498C805EB2F}.Debug|Any CPU.Build.0 = Debug|Any CPU
		{D6238A48-804F-40FC-80C2-0498C805EB2F}.Debug|iPhone.ActiveCfg = Debug|Any CPU
		{D6238A48-804F-40FC-80C2-0498C805EB2F}.Debug|iPhone.Build.0 = Debug|Any CPU
		{D6238A48-804F-40FC-80C2-0498C805EB2F}.Debug|iPhoneSimulator.ActiveCfg = Debug|Any CPU
		{D6238A48-804F-40FC-80C2-0498C805EB2F}.Debug|iPhoneSimulator.Build.0 = Debug|Any CPU
		{D6238A48-804F-40FC-80C2-0498C805EB2F}.Release|Any CPU.ActiveCfg = Release|Any CPU
		{D6238A48-804F-40FC-80C2-0498C805EB2F}.Release|Any CPU.Build.0 = Release|Any CPU
		{D6238A48-804F-40FC-80C2-0498C805EB2F}.Release|iPhone.ActiveCfg = Release|Any CPU
		{D6238A48-804F-40FC-80C2-0498C805EB2F}.Release|iPhone.Build.0 = Release|Any CPU
		{D6238A48-804F-40FC-80C2-0498C805EB2F}.Release|iPhoneSimulator.ActiveCfg = Release|Any CPU
		{D6238A48-804F-40FC-80C2-0498C805EB2F}.Release|iPhoneSimulator.Build.0 = Release|Any CPU
		{42F8A362-3DAA-4023-822D-975030039FB8}.Ad-Hoc|Any CPU.ActiveCfg = Release|Any CPU
		{42F8A362-3DAA-4023-822D-975030039FB8}.Ad-Hoc|Any CPU.Build.0 = Release|Any CPU
		{42F8A362-3DAA-4023-822D-975030039FB8}.Ad-Hoc|iPhone.ActiveCfg = Release|Any CPU
		{42F8A362-3DAA-4023-822D-975030039FB8}.Ad-Hoc|iPhone.Build.0 = Release|Any CPU
		{42F8A362-3DAA-4023-822D-975030039FB8}.Ad-Hoc|iPhoneSimulator.ActiveCfg = Release|Any CPU
		{42F8A362-3DAA-4023-822D-975030039FB8}.Ad-Hoc|iPhoneSimulator.Build.0 = Release|Any CPU
		{42F8A362-3DAA-4023-822D-975030039FB8}.AppStore|Any CPU.ActiveCfg = Release|Any CPU
		{42F8A362-3DAA-4023-822D-975030039FB8}.AppStore|Any CPU.Build.0 = Release|Any CPU
		{42F8A362-3DAA-4023-822D-975030039FB8}.AppStore|iPhone.ActiveCfg = Release|Any CPU
		{42F8A362-3DAA-4023-822D-975030039FB8}.AppStore|iPhone.Build.0 = Release|Any CPU
		{42F8A362-3DAA-4023-822D-975030039FB8}.AppStore|iPhoneSimulator.ActiveCfg = Release|Any CPU
		{42F8A362-3DAA-4023-822D-975030039FB8}.AppStore|iPhoneSimulator.Build.0 = Release|Any CPU
		{42F8A362-3DAA-4023-822D-975030039FB8}.Debug|Any CPU.ActiveCfg = Debug|Any CPU
		{42F8A362-3DAA-4023-822D-975030039FB8}.Debug|Any CPU.Build.0 = Debug|Any CPU
		{42F8A362-3DAA-4023-822D-975030039FB8}.Debug|iPhone.ActiveCfg = Debug|Any CPU
		{42F8A362-3DAA-4023-822D-975030039FB8}.Debug|iPhone.Build.0 = Debug|Any CPU
		{42F8A362-3DAA-4023-822D-975030039FB8}.Debug|iPhoneSimulator.ActiveCfg = Debug|Any CPU
		{42F8A362-3DAA-4023-822D-975030039FB8}.Debug|iPhoneSimulator.Build.0 = Debug|Any CPU
		{42F8A362-3DAA-4023-822D-975030039FB8}.Release|Any CPU.ActiveCfg = Release|Any CPU
		{42F8A362-3DAA-4023-822D-975030039FB8}.Release|Any CPU.Build.0 = Release|Any CPU
		{42F8A362-3DAA-4023-822D-975030039FB8}.Release|iPhone.ActiveCfg = Release|Any CPU
		{42F8A362-3DAA-4023-822D-975030039FB8}.Release|iPhone.Build.0 = Release|Any CPU
		{42F8A362-3DAA-4023-822D-975030039FB8}.Release|iPhoneSimulator.ActiveCfg = Release|Any CPU
		{42F8A362-3DAA-4023-822D-975030039FB8}.Release|iPhoneSimulator.Build.0 = Release|Any CPU
	EndGlobalSection
	GlobalSection(SolutionProperties) = preSolution
		HideSolutionNode = FALSE
	EndGlobalSection
	GlobalSection(ExtensibilityGlobals) = postSolution
		SolutionGuid = {BB7A19D0-AFEA-4FEB-8629-00D955CAC5EF}
	EndGlobalSection
EndGlobal
